// !$*UTF8*$!
{
	archiveVersion = 1;
	classes = {
	};
	objectVersion = 46;
	objects = {

/* Begin PBXBuildFile section */
		A9589E2C1C13E847007F2C8B /* UIView+Easing.m in Sources */ = {isa = PBXBuildFile; fileRef = A9589E2B1C13E847007F2C8B /* UIView+Easing.m */; };
		A96222F11BFF0F690059FF51 /* main.m in Sources */ = {isa = PBXBuildFile; fileRef = A96222F01BFF0F690059FF51 /* main.m */; };
		A96222F41BFF0F690059FF51 /* AppDelegate.m in Sources */ = {isa = PBXBuildFile; fileRef = A96222F31BFF0F690059FF51 /* AppDelegate.m */; };
		A96222F71BFF0F690059FF51 /* EasyCalc.xcdatamodeld in Sources */ = {isa = PBXBuildFile; fileRef = A96222F51BFF0F690059FF51 /* EasyCalc.xcdatamodeld */; };
		A96222F91BFF0F690059FF51 /* Assets.xcassets in Resources */ = {isa = PBXBuildFile; fileRef = A96222F81BFF0F690059FF51 /* Assets.xcassets */; };
		A96222FC1BFF0F690059FF51 /* LaunchScreen.storyboard in Resources */ = {isa = PBXBuildFile; fileRef = A96222FA1BFF0F690059FF51 /* LaunchScreen.storyboard */; };
		A96223071BFF0F690059FF51 /* EasyCalcTests.m in Sources */ = {isa = PBXBuildFile; fileRef = A96223061BFF0F690059FF51 /* EasyCalcTests.m */; };
		A96223121BFF0F690059FF51 /* EasyCalcUITests.m in Sources */ = {isa = PBXBuildFile; fileRef = A96223111BFF0F690059FF51 /* EasyCalcUITests.m */; };
		A96223211BFF12010059FF51 /* ViewController.m in Sources */ = {isa = PBXBuildFile; fileRef = A96223201BFF12010059FF51 /* ViewController.m */; };
		A96223241BFF122A0059FF51 /* RadicalBlock.m in Sources */ = {isa = PBXBuildFile; fileRef = A96223231BFF122A0059FF51 /* RadicalBlock.m */; };
		A96223271BFF124B0059FF51 /* FractionBarLayer.m in Sources */ = {isa = PBXBuildFile; fileRef = A96223261BFF124B0059FF51 /* FractionBarLayer.m */; };
		A962232A1BFF126C0059FF51 /* EquationTextLayer.m in Sources */ = {isa = PBXBuildFile; fileRef = A96223291BFF126C0059FF51 /* EquationTextLayer.m */; };
		A962232D1BFF128C0059FF51 /* EquationBlock.m in Sources */ = {isa = PBXBuildFile; fileRef = A962232C1BFF128C0059FF51 /* EquationBlock.m */; };
		A96223301BFF12A20059FF51 /* Equation.m in Sources */ = {isa = PBXBuildFile; fileRef = A962232F1BFF12A20059FF51 /* Equation.m */; };
		A96223321BFF15840059FF51 /* Global.m in Sources */ = {isa = PBXBuildFile; fileRef = A96223311BFF15840059FF51 /* Global.m */; };
		A96223361BFF161C0059FF51 /* DisplayView.m in Sources */ = {isa = PBXBuildFile; fileRef = A96223351BFF161C0059FF51 /* DisplayView.m */; };
		A98122791C021F47002A1A75 /* Utils.m in Sources */ = {isa = PBXBuildFile; fileRef = A98122781C021F47002A1A75 /* Utils.m */; };
		A997B6751C4D1D3F00DD2C31 /* _DDDecimalFunctions.m in Sources */ = {isa = PBXBuildFile; fileRef = A997B6471C4D1D3F00DD2C31 /* _DDDecimalFunctions.m */; };
		A997B6761C4D1D3F00DD2C31 /* _DDFunctionEvaluator.m in Sources */ = {isa = PBXBuildFile; fileRef = A997B6491C4D1D3F00DD2C31 /* _DDFunctionEvaluator.m */; };
		A997B6771C4D1D3F00DD2C31 /* _DDFunctionExpression.m in Sources */ = {isa = PBXBuildFile; fileRef = A997B64B1C4D1D3F00DD2C31 /* _DDFunctionExpression.m */; };
		A997B6781C4D1D3F00DD2C31 /* _DDMathTermResolver.m in Sources */ = {isa = PBXBuildFile; fileRef = A997B64D1C4D1D3F00DD2C31 /* _DDMathTermResolver.m */; };
		A997B6791C4D1D3F00DD2C31 /* _DDNumberExpression.m in Sources */ = {isa = PBXBuildFile; fileRef = A997B64F1C4D1D3F00DD2C31 /* _DDNumberExpression.m */; };
		A997B67A1C4D1D3F00DD2C31 /* _DDParserTerm.m in Sources */ = {isa = PBXBuildFile; fileRef = A997B6511C4D1D3F00DD2C31 /* _DDParserTerm.m */; };
		A997B67B1C4D1D3F00DD2C31 /* _DDPrecisionFunctionEvaluator.m in Sources */ = {isa = PBXBuildFile; fileRef = A997B6531C4D1D3F00DD2C31 /* _DDPrecisionFunctionEvaluator.m */; };
		A997B67C1C4D1D3F00DD2C31 /* _DDRewriteRule.m in Sources */ = {isa = PBXBuildFile; fileRef = A997B6551C4D1D3F00DD2C31 /* _DDRewriteRule.m */; };
		A997B67D1C4D1D3F00DD2C31 /* _DDVariableExpression.m in Sources */ = {isa = PBXBuildFile; fileRef = A997B6571C4D1D3F00DD2C31 /* _DDVariableExpression.m */; };
		A997B67E1C4D1D3F00DD2C31 /* DDEnumerator.m in Sources */ = {isa = PBXBuildFile; fileRef = A997B6591C4D1D3F00DD2C31 /* DDEnumerator.m */; };
		A997B67F1C4D1D3F00DD2C31 /* DDExpression.m in Sources */ = {isa = PBXBuildFile; fileRef = A997B65B1C4D1D3F00DD2C31 /* DDExpression.m */; };
		A997B6801C4D1D3F00DD2C31 /* DDExpressionRewriter.m in Sources */ = {isa = PBXBuildFile; fileRef = A997B65D1C4D1D3F00DD2C31 /* DDExpressionRewriter.m */; };
		A997B6811C4D1D3F00DD2C31 /* DDMathEvaluator.m in Sources */ = {isa = PBXBuildFile; fileRef = A997B6601C4D1D3F00DD2C31 /* DDMathEvaluator.m */; };
		A997B6821C4D1D3F00DD2C31 /* DDMathOperator.m in Sources */ = {isa = PBXBuildFile; fileRef = A997B6621C4D1D3F00DD2C31 /* DDMathOperator.m */; };
		A997B6831C4D1D3F00DD2C31 /* DDMathOperatorSet.m in Sources */ = {isa = PBXBuildFile; fileRef = A997B6641C4D1D3F00DD2C31 /* DDMathOperatorSet.m */; };
		A997B6841C4D1D3F00DD2C31 /* DDMathOperatorTypes.m in Sources */ = {isa = PBXBuildFile; fileRef = A997B6661C4D1D3F00DD2C31 /* DDMathOperatorTypes.m */; };
		A997B6851C4D1D3F00DD2C31 /* DDMathToken.m in Sources */ = {isa = PBXBuildFile; fileRef = A997B66A1C4D1D3F00DD2C31 /* DDMathToken.m */; };
		A997B6861C4D1D3F00DD2C31 /* DDMathTokenInterpreter.m in Sources */ = {isa = PBXBuildFile; fileRef = A997B66C1C4D1D3F00DD2C31 /* DDMathTokenInterpreter.m */; };
		A997B6871C4D1D3F00DD2C31 /* DDMathTokenizer.m in Sources */ = {isa = PBXBuildFile; fileRef = A997B66E1C4D1D3F00DD2C31 /* DDMathTokenizer.m */; };
		A997B6881C4D1D3F00DD2C31 /* DDParser.m in Sources */ = {isa = PBXBuildFile; fileRef = A997B6701C4D1D3F00DD2C31 /* DDParser.m */; };
		A997B6891C4D1D3F00DD2C31 /* DDTypes.m in Sources */ = {isa = PBXBuildFile; fileRef = A997B6721C4D1D3F00DD2C31 /* DDTypes.m */; };
		A997B68A1C4D1D3F00DD2C31 /* NSString+DDMathParsing.m in Sources */ = {isa = PBXBuildFile; fileRef = A997B6741C4D1D3F00DD2C31 /* NSString+DDMathParsing.m */; };
/* End PBXBuildFile section */

/* Begin PBXContainerItemProxy section */
		A96223031BFF0F690059FF51 /* PBXContainerItemProxy */ = {
			isa = PBXContainerItemProxy;
			containerPortal = A96222E41BFF0F690059FF51 /* Project object */;
			proxyType = 1;
			remoteGlobalIDString = A96222EB1BFF0F690059FF51;
			remoteInfo = EasyCalc;
		};
		A962230E1BFF0F690059FF51 /* PBXContainerItemProxy */ = {
			isa = PBXContainerItemProxy;
			containerPortal = A96222E41BFF0F690059FF51 /* Project object */;
			proxyType = 1;
			remoteGlobalIDString = A96222EB1BFF0F690059FF51;
			remoteInfo = EasyCalc;
		};
/* End PBXContainerItemProxy section */

/* Begin PBXFileReference section */
		A9589E2A1C13E847007F2C8B /* UIView+Easing.h */ = {isa = PBXFileReference; fileEncoding = 4; lastKnownFileType = sourcecode.c.h; path = "UIView+Easing.h"; sourceTree = "<group>"; };
		A9589E2B1C13E847007F2C8B /* UIView+Easing.m */ = {isa = PBXFileReference; fileEncoding = 4; lastKnownFileType = sourcecode.c.objc; path = "UIView+Easing.m"; sourceTree = "<group>"; };
		A96222EC1BFF0F690059FF51 /* EasyCalc.app */ = {isa = PBXFileReference; explicitFileType = wrapper.application; includeInIndex = 0; path = EasyCalc.app; sourceTree = BUILT_PRODUCTS_DIR; };
		A96222F01BFF0F690059FF51 /* main.m */ = {isa = PBXFileReference; lastKnownFileType = sourcecode.c.objc; path = main.m; sourceTree = "<group>"; };
		A96222F21BFF0F690059FF51 /* AppDelegate.h */ = {isa = PBXFileReference; lastKnownFileType = sourcecode.c.h; path = AppDelegate.h; sourceTree = "<group>"; };
		A96222F31BFF0F690059FF51 /* AppDelegate.m */ = {isa = PBXFileReference; lastKnownFileType = sourcecode.c.objc; path = AppDelegate.m; sourceTree = "<group>"; };
		A96222F61BFF0F690059FF51 /* EasyCalc.xcdatamodel */ = {isa = PBXFileReference; lastKnownFileType = wrapper.xcdatamodel; path = EasyCalc.xcdatamodel; sourceTree = "<group>"; };
		A96222F81BFF0F690059FF51 /* Assets.xcassets */ = {isa = PBXFileReference; lastKnownFileType = folder.assetcatalog; path = Assets.xcassets; sourceTree = "<group>"; };
		A96222FB1BFF0F690059FF51 /* Base */ = {isa = PBXFileReference; lastKnownFileType = file.storyboard; name = Base; path = Base.lproj/LaunchScreen.storyboard; sourceTree = "<group>"; };
		A96222FD1BFF0F690059FF51 /* Info.plist */ = {isa = PBXFileReference; lastKnownFileType = text.plist.xml; path = Info.plist; sourceTree = "<group>"; };
		A96223021BFF0F690059FF51 /* EasyCalcTests.xctest */ = {isa = PBXFileReference; explicitFileType = wrapper.cfbundle; includeInIndex = 0; path = EasyCalcTests.xctest; sourceTree = BUILT_PRODUCTS_DIR; };
		A96223061BFF0F690059FF51 /* EasyCalcTests.m */ = {isa = PBXFileReference; lastKnownFileType = sourcecode.c.objc; path = EasyCalcTests.m; sourceTree = "<group>"; };
		A96223081BFF0F690059FF51 /* Info.plist */ = {isa = PBXFileReference; lastKnownFileType = text.plist.xml; path = Info.plist; sourceTree = "<group>"; };
		A962230D1BFF0F690059FF51 /* EasyCalcUITests.xctest */ = {isa = PBXFileReference; explicitFileType = wrapper.cfbundle; includeInIndex = 0; path = EasyCalcUITests.xctest; sourceTree = BUILT_PRODUCTS_DIR; };
		A96223111BFF0F690059FF51 /* EasyCalcUITests.m */ = {isa = PBXFileReference; lastKnownFileType = sourcecode.c.objc; path = EasyCalcUITests.m; sourceTree = "<group>"; };
		A96223131BFF0F690059FF51 /* Info.plist */ = {isa = PBXFileReference; lastKnownFileType = text.plist.xml; path = Info.plist; sourceTree = "<group>"; };
		A962231F1BFF12010059FF51 /* ViewController.h */ = {isa = PBXFileReference; fileEncoding = 4; lastKnownFileType = sourcecode.c.h; path = ViewController.h; sourceTree = "<group>"; };
		A96223201BFF12010059FF51 /* ViewController.m */ = {isa = PBXFileReference; fileEncoding = 4; lastKnownFileType = sourcecode.c.objc; path = ViewController.m; sourceTree = "<group>"; };
		A96223221BFF122A0059FF51 /* RadicalBlock.h */ = {isa = PBXFileReference; fileEncoding = 4; lastKnownFileType = sourcecode.c.h; path = RadicalBlock.h; sourceTree = "<group>"; };
		A96223231BFF122A0059FF51 /* RadicalBlock.m */ = {isa = PBXFileReference; fileEncoding = 4; lastKnownFileType = sourcecode.c.objc; path = RadicalBlock.m; sourceTree = "<group>"; };
		A96223251BFF124B0059FF51 /* FractionBarLayer.h */ = {isa = PBXFileReference; fileEncoding = 4; lastKnownFileType = sourcecode.c.h; path = FractionBarLayer.h; sourceTree = "<group>"; };
		A96223261BFF124B0059FF51 /* FractionBarLayer.m */ = {isa = PBXFileReference; fileEncoding = 4; lastKnownFileType = sourcecode.c.objc; path = FractionBarLayer.m; sourceTree = "<group>"; };
		A96223281BFF126C0059FF51 /* EquationTextLayer.h */ = {isa = PBXFileReference; fileEncoding = 4; lastKnownFileType = sourcecode.c.h; path = EquationTextLayer.h; sourceTree = "<group>"; };
		A96223291BFF126C0059FF51 /* EquationTextLayer.m */ = {isa = PBXFileReference; fileEncoding = 4; lastKnownFileType = sourcecode.c.objc; path = EquationTextLayer.m; sourceTree = "<group>"; };
		A962232B1BFF128C0059FF51 /* EquationBlock.h */ = {isa = PBXFileReference; fileEncoding = 4; lastKnownFileType = sourcecode.c.h; path = EquationBlock.h; sourceTree = "<group>"; };
		A962232C1BFF128C0059FF51 /* EquationBlock.m */ = {isa = PBXFileReference; fileEncoding = 4; lastKnownFileType = sourcecode.c.objc; path = EquationBlock.m; sourceTree = "<group>"; };
		A962232E1BFF12A20059FF51 /* Equation.h */ = {isa = PBXFileReference; fileEncoding = 4; lastKnownFileType = sourcecode.c.h; path = Equation.h; sourceTree = "<group>"; };
		A962232F1BFF12A20059FF51 /* Equation.m */ = {isa = PBXFileReference; fileEncoding = 4; lastKnownFileType = sourcecode.c.objc; path = Equation.m; sourceTree = "<group>"; };
		A96223311BFF15840059FF51 /* Global.m */ = {isa = PBXFileReference; fileEncoding = 4; lastKnownFileType = sourcecode.c.objc; path = Global.m; sourceTree = "<group>"; };
		A96223331BFF15A30059FF51 /* Global.h */ = {isa = PBXFileReference; fileEncoding = 4; lastKnownFileType = sourcecode.c.h; path = Global.h; sourceTree = "<group>"; };
		A96223341BFF161C0059FF51 /* DisplayView.h */ = {isa = PBXFileReference; fileEncoding = 4; lastKnownFileType = sourcecode.c.h; path = DisplayView.h; sourceTree = "<group>"; };
		A96223351BFF161C0059FF51 /* DisplayView.m */ = {isa = PBXFileReference; fileEncoding = 4; lastKnownFileType = sourcecode.c.objc; path = DisplayView.m; sourceTree = "<group>"; };
		A98122781C021F47002A1A75 /* Utils.m */ = {isa = PBXFileReference; fileEncoding = 4; lastKnownFileType = sourcecode.c.objc; path = Utils.m; sourceTree = "<group>"; };
		A981227A1C021F5A002A1A75 /* Utils.h */ = {isa = PBXFileReference; fileEncoding = 4; lastKnownFileType = sourcecode.c.h; path = Utils.h; sourceTree = "<group>"; };
		A997B6461C4D1D3F00DD2C31 /* _DDDecimalFunctions.h */ = {isa = PBXFileReference; fileEncoding = 4; lastKnownFileType = sourcecode.c.h; path = _DDDecimalFunctions.h; sourceTree = "<group>"; };
		A997B6471C4D1D3F00DD2C31 /* _DDDecimalFunctions.m */ = {isa = PBXFileReference; fileEncoding = 4; lastKnownFileType = sourcecode.c.objc; path = _DDDecimalFunctions.m; sourceTree = "<group>"; };
		A997B6481C4D1D3F00DD2C31 /* _DDFunctionEvaluator.h */ = {isa = PBXFileReference; fileEncoding = 4; lastKnownFileType = sourcecode.c.h; path = _DDFunctionEvaluator.h; sourceTree = "<group>"; };
		A997B6491C4D1D3F00DD2C31 /* _DDFunctionEvaluator.m */ = {isa = PBXFileReference; fileEncoding = 4; lastKnownFileType = sourcecode.c.objc; path = _DDFunctionEvaluator.m; sourceTree = "<group>"; };
		A997B64A1C4D1D3F00DD2C31 /* _DDFunctionExpression.h */ = {isa = PBXFileReference; fileEncoding = 4; lastKnownFileType = sourcecode.c.h; path = _DDFunctionExpression.h; sourceTree = "<group>"; };
		A997B64B1C4D1D3F00DD2C31 /* _DDFunctionExpression.m */ = {isa = PBXFileReference; fileEncoding = 4; lastKnownFileType = sourcecode.c.objc; path = _DDFunctionExpression.m; sourceTree = "<group>"; };
		A997B64C1C4D1D3F00DD2C31 /* _DDMathTermResolver.h */ = {isa = PBXFileReference; fileEncoding = 4; lastKnownFileType = sourcecode.c.h; path = _DDMathTermResolver.h; sourceTree = "<group>"; };
		A997B64D1C4D1D3F00DD2C31 /* _DDMathTermResolver.m */ = {isa = PBXFileReference; fileEncoding = 4; lastKnownFileType = sourcecode.c.objc; path = _DDMathTermResolver.m; sourceTree = "<group>"; };
		A997B64E1C4D1D3F00DD2C31 /* _DDNumberExpression.h */ = {isa = PBXFileReference; fileEncoding = 4; lastKnownFileType = sourcecode.c.h; path = _DDNumberExpression.h; sourceTree = "<group>"; };
		A997B64F1C4D1D3F00DD2C31 /* _DDNumberExpression.m */ = {isa = PBXFileReference; fileEncoding = 4; lastKnownFileType = sourcecode.c.objc; path = _DDNumberExpression.m; sourceTree = "<group>"; };
		A997B6501C4D1D3F00DD2C31 /* _DDParserTerm.h */ = {isa = PBXFileReference; fileEncoding = 4; lastKnownFileType = sourcecode.c.h; path = _DDParserTerm.h; sourceTree = "<group>"; };
		A997B6511C4D1D3F00DD2C31 /* _DDParserTerm.m */ = {isa = PBXFileReference; fileEncoding = 4; lastKnownFileType = sourcecode.c.objc; path = _DDParserTerm.m; sourceTree = "<group>"; };
		A997B6521C4D1D3F00DD2C31 /* _DDPrecisionFunctionEvaluator.h */ = {isa = PBXFileReference; fileEncoding = 4; lastKnownFileType = sourcecode.c.h; path = _DDPrecisionFunctionEvaluator.h; sourceTree = "<group>"; };
		A997B6531C4D1D3F00DD2C31 /* _DDPrecisionFunctionEvaluator.m */ = {isa = PBXFileReference; fileEncoding = 4; lastKnownFileType = sourcecode.c.objc; path = _DDPrecisionFunctionEvaluator.m; sourceTree = "<group>"; };
		A997B6541C4D1D3F00DD2C31 /* _DDRewriteRule.h */ = {isa = PBXFileReference; fileEncoding = 4; lastKnownFileType = sourcecode.c.h; path = _DDRewriteRule.h; sourceTree = "<group>"; };
		A997B6551C4D1D3F00DD2C31 /* _DDRewriteRule.m */ = {isa = PBXFileReference; fileEncoding = 4; lastKnownFileType = sourcecode.c.objc; path = _DDRewriteRule.m; sourceTree = "<group>"; };
		A997B6561C4D1D3F00DD2C31 /* _DDVariableExpression.h */ = {isa = PBXFileReference; fileEncoding = 4; lastKnownFileType = sourcecode.c.h; path = _DDVariableExpression.h; sourceTree = "<group>"; };
		A997B6571C4D1D3F00DD2C31 /* _DDVariableExpression.m */ = {isa = PBXFileReference; fileEncoding = 4; lastKnownFileType = sourcecode.c.objc; path = _DDVariableExpression.m; sourceTree = "<group>"; };
		A997B6581C4D1D3F00DD2C31 /* DDEnumerator.h */ = {isa = PBXFileReference; fileEncoding = 4; lastKnownFileType = sourcecode.c.h; path = DDEnumerator.h; sourceTree = "<group>"; };
		A997B6591C4D1D3F00DD2C31 /* DDEnumerator.m */ = {isa = PBXFileReference; fileEncoding = 4; lastKnownFileType = sourcecode.c.objc; path = DDEnumerator.m; sourceTree = "<group>"; };
		A997B65A1C4D1D3F00DD2C31 /* DDExpression.h */ = {isa = PBXFileReference; fileEncoding = 4; lastKnownFileType = sourcecode.c.h; path = DDExpression.h; sourceTree = "<group>"; };
		A997B65B1C4D1D3F00DD2C31 /* DDExpression.m */ = {isa = PBXFileReference; fileEncoding = 4; lastKnownFileType = sourcecode.c.objc; path = DDExpression.m; sourceTree = "<group>"; };
		A997B65C1C4D1D3F00DD2C31 /* DDExpressionRewriter.h */ = {isa = PBXFileReference; fileEncoding = 4; lastKnownFileType = sourcecode.c.h; path = DDExpressionRewriter.h; sourceTree = "<group>"; };
		A997B65D1C4D1D3F00DD2C31 /* DDExpressionRewriter.m */ = {isa = PBXFileReference; fileEncoding = 4; lastKnownFileType = sourcecode.c.objc; path = DDExpressionRewriter.m; sourceTree = "<group>"; };
		A997B65E1C4D1D3F00DD2C31 /* DDMathEvaluator+Private.h */ = {isa = PBXFileReference; fileEncoding = 4; lastKnownFileType = sourcecode.c.h; path = "DDMathEvaluator+Private.h"; sourceTree = "<group>"; };
		A997B65F1C4D1D3F00DD2C31 /* DDMathEvaluator.h */ = {isa = PBXFileReference; fileEncoding = 4; lastKnownFileType = sourcecode.c.h; path = DDMathEvaluator.h; sourceTree = "<group>"; };
		A997B6601C4D1D3F00DD2C31 /* DDMathEvaluator.m */ = {isa = PBXFileReference; fileEncoding = 4; lastKnownFileType = sourcecode.c.objc; path = DDMathEvaluator.m; sourceTree = "<group>"; };
		A997B6611C4D1D3F00DD2C31 /* DDMathOperator.h */ = {isa = PBXFileReference; fileEncoding = 4; lastKnownFileType = sourcecode.c.h; path = DDMathOperator.h; sourceTree = "<group>"; };
		A997B6621C4D1D3F00DD2C31 /* DDMathOperator.m */ = {isa = PBXFileReference; fileEncoding = 4; lastKnownFileType = sourcecode.c.objc; path = DDMathOperator.m; sourceTree = "<group>"; };
		A997B6631C4D1D3F00DD2C31 /* DDMathOperatorSet.h */ = {isa = PBXFileReference; fileEncoding = 4; lastKnownFileType = sourcecode.c.h; path = DDMathOperatorSet.h; sourceTree = "<group>"; };
		A997B6641C4D1D3F00DD2C31 /* DDMathOperatorSet.m */ = {isa = PBXFileReference; fileEncoding = 4; lastKnownFileType = sourcecode.c.objc; path = DDMathOperatorSet.m; sourceTree = "<group>"; };
		A997B6651C4D1D3F00DD2C31 /* DDMathOperatorTypes.h */ = {isa = PBXFileReference; fileEncoding = 4; lastKnownFileType = sourcecode.c.h; path = DDMathOperatorTypes.h; sourceTree = "<group>"; };
		A997B6661C4D1D3F00DD2C31 /* DDMathOperatorTypes.m */ = {isa = PBXFileReference; fileEncoding = 4; lastKnownFileType = sourcecode.c.objc; path = DDMathOperatorTypes.m; sourceTree = "<group>"; };
		A997B6671C4D1D3F00DD2C31 /* DDMathParser.h */ = {isa = PBXFileReference; fileEncoding = 4; lastKnownFileType = sourcecode.c.h; path = DDMathParser.h; sourceTree = "<group>"; };
		A997B6681C4D1D3F00DD2C31 /* DDMathParserMacros.h */ = {isa = PBXFileReference; fileEncoding = 4; lastKnownFileType = sourcecode.c.h; path = DDMathParserMacros.h; sourceTree = "<group>"; };
		A997B6691C4D1D3F00DD2C31 /* DDMathToken.h */ = {isa = PBXFileReference; fileEncoding = 4; lastKnownFileType = sourcecode.c.h; path = DDMathToken.h; sourceTree = "<group>"; };
		A997B66A1C4D1D3F00DD2C31 /* DDMathToken.m */ = {isa = PBXFileReference; fileEncoding = 4; lastKnownFileType = sourcecode.c.objc; path = DDMathToken.m; sourceTree = "<group>"; };
		A997B66B1C4D1D3F00DD2C31 /* DDMathTokenInterpreter.h */ = {isa = PBXFileReference; fileEncoding = 4; lastKnownFileType = sourcecode.c.h; path = DDMathTokenInterpreter.h; sourceTree = "<group>"; };
		A997B66C1C4D1D3F00DD2C31 /* DDMathTokenInterpreter.m */ = {isa = PBXFileReference; fileEncoding = 4; lastKnownFileType = sourcecode.c.objc; path = DDMathTokenInterpreter.m; sourceTree = "<group>"; };
		A997B66D1C4D1D3F00DD2C31 /* DDMathTokenizer.h */ = {isa = PBXFileReference; fileEncoding = 4; lastKnownFileType = sourcecode.c.h; path = DDMathTokenizer.h; sourceTree = "<group>"; };
		A997B66E1C4D1D3F00DD2C31 /* DDMathTokenizer.m */ = {isa = PBXFileReference; fileEncoding = 4; lastKnownFileType = sourcecode.c.objc; path = DDMathTokenizer.m; sourceTree = "<group>"; };
		A997B66F1C4D1D3F00DD2C31 /* DDParser.h */ = {isa = PBXFileReference; fileEncoding = 4; lastKnownFileType = sourcecode.c.h; path = DDParser.h; sourceTree = "<group>"; };
		A997B6701C4D1D3F00DD2C31 /* DDParser.m */ = {isa = PBXFileReference; fileEncoding = 4; lastKnownFileType = sourcecode.c.objc; path = DDParser.m; sourceTree = "<group>"; };
		A997B6711C4D1D3F00DD2C31 /* DDTypes.h */ = {isa = PBXFileReference; fileEncoding = 4; lastKnownFileType = sourcecode.c.h; path = DDTypes.h; sourceTree = "<group>"; };
		A997B6721C4D1D3F00DD2C31 /* DDTypes.m */ = {isa = PBXFileReference; fileEncoding = 4; lastKnownFileType = sourcecode.c.objc; path = DDTypes.m; sourceTree = "<group>"; };
		A997B6731C4D1D3F00DD2C31 /* NSString+DDMathParsing.h */ = {isa = PBXFileReference; fileEncoding = 4; lastKnownFileType = sourcecode.c.h; path = "NSString+DDMathParsing.h"; sourceTree = "<group>"; };
		A997B6741C4D1D3F00DD2C31 /* NSString+DDMathParsing.m */ = {isa = PBXFileReference; fileEncoding = 4; lastKnownFileType = sourcecode.c.objc; path = "NSString+DDMathParsing.m"; sourceTree = "<group>"; };
/* End PBXFileReference section */

/* Begin PBXFrameworksBuildPhase section */
		A96222E91BFF0F690059FF51 /* Frameworks */ = {
			isa = PBXFrameworksBuildPhase;
			buildActionMask = 2147483647;
			files = (
			);
			runOnlyForDeploymentPostprocessing = 0;
		};
		A96222FF1BFF0F690059FF51 /* Frameworks */ = {
			isa = PBXFrameworksBuildPhase;
			buildActionMask = 2147483647;
			files = (
			);
			runOnlyForDeploymentPostprocessing = 0;
		};
		A962230A1BFF0F690059FF51 /* Frameworks */ = {
			isa = PBXFrameworksBuildPhase;
			buildActionMask = 2147483647;
			files = (
			);
			runOnlyForDeploymentPostprocessing = 0;
		};
/* End PBXFrameworksBuildPhase section */

/* Begin PBXGroup section */
		A96222E31BFF0F690059FF51 = {
			isa = PBXGroup;
			children = (
				A96222EE1BFF0F690059FF51 /* EasyCalc */,
				A96223051BFF0F690059FF51 /* EasyCalcTests */,
				A96223101BFF0F690059FF51 /* EasyCalcUITests */,
				A96222ED1BFF0F690059FF51 /* Products */,
			);
			sourceTree = "<group>";
		};
		A96222ED1BFF0F690059FF51 /* Products */ = {
			isa = PBXGroup;
			children = (
				A96222EC1BFF0F690059FF51 /* EasyCalc.app */,
				A96223021BFF0F690059FF51 /* EasyCalcTests.xctest */,
				A962230D1BFF0F690059FF51 /* EasyCalcUITests.xctest */,
			);
			name = Products;
			sourceTree = "<group>";
		};
		A96222EE1BFF0F690059FF51 /* EasyCalc */ = {
			isa = PBXGroup;
			children = (
				A997B6451C4D1D3F00DD2C31 /* DDMathParser */,
				A9589E2A1C13E847007F2C8B /* UIView+Easing.h */,
				A9589E2B1C13E847007F2C8B /* UIView+Easing.m */,
				A96222F21BFF0F690059FF51 /* AppDelegate.h */,
				A96222F31BFF0F690059FF51 /* AppDelegate.m */,
				A96222F81BFF0F690059FF51 /* Assets.xcassets */,
				A96222FA1BFF0F690059FF51 /* LaunchScreen.storyboard */,
				A96222FD1BFF0F690059FF51 /* Info.plist */,
				A96222F51BFF0F690059FF51 /* EasyCalc.xcdatamodeld */,
				A96222EF1BFF0F690059FF51 /* Supporting Files */,
				A962231F1BFF12010059FF51 /* ViewController.h */,
				A96223201BFF12010059FF51 /* ViewController.m */,
				A96223221BFF122A0059FF51 /* RadicalBlock.h */,
				A96223231BFF122A0059FF51 /* RadicalBlock.m */,
				A96223251BFF124B0059FF51 /* FractionBarLayer.h */,
				A96223261BFF124B0059FF51 /* FractionBarLayer.m */,
				A96223281BFF126C0059FF51 /* EquationTextLayer.h */,
				A96223291BFF126C0059FF51 /* EquationTextLayer.m */,
				A962232B1BFF128C0059FF51 /* EquationBlock.h */,
				A962232C1BFF128C0059FF51 /* EquationBlock.m */,
				A962232E1BFF12A20059FF51 /* Equation.h */,
				A962232F1BFF12A20059FF51 /* Equation.m */,
				A96223311BFF15840059FF51 /* Global.m */,
				A96223331BFF15A30059FF51 /* Global.h */,
				A96223341BFF161C0059FF51 /* DisplayView.h */,
				A96223351BFF161C0059FF51 /* DisplayView.m */,
				A98122781C021F47002A1A75 /* Utils.m */,
				A981227A1C021F5A002A1A75 /* Utils.h */,
			);
			path = EasyCalc;
			sourceTree = "<group>";
		};
		A96222EF1BFF0F690059FF51 /* Supporting Files */ = {
			isa = PBXGroup;
			children = (
				A96222F01BFF0F690059FF51 /* main.m */,
			);
			name = "Supporting Files";
			sourceTree = "<group>";
		};
		A96223051BFF0F690059FF51 /* EasyCalcTests */ = {
			isa = PBXGroup;
			children = (
				A96223061BFF0F690059FF51 /* EasyCalcTests.m */,
				A96223081BFF0F690059FF51 /* Info.plist */,
			);
			path = EasyCalcTests;
			sourceTree = "<group>";
		};
		A96223101BFF0F690059FF51 /* EasyCalcUITests */ = {
			isa = PBXGroup;
			children = (
				A96223111BFF0F690059FF51 /* EasyCalcUITests.m */,
				A96223131BFF0F690059FF51 /* Info.plist */,
			);
			path = EasyCalcUITests;
			sourceTree = "<group>";
		};
		A997B6451C4D1D3F00DD2C31 /* DDMathParser */ = {
			isa = PBXGroup;
			children = (
				A997B6461C4D1D3F00DD2C31 /* _DDDecimalFunctions.h */,
				A997B6471C4D1D3F00DD2C31 /* _DDDecimalFunctions.m */,
				A997B6481C4D1D3F00DD2C31 /* _DDFunctionEvaluator.h */,
				A997B6491C4D1D3F00DD2C31 /* _DDFunctionEvaluator.m */,
				A997B64A1C4D1D3F00DD2C31 /* _DDFunctionExpression.h */,
				A997B64B1C4D1D3F00DD2C31 /* _DDFunctionExpression.m */,
				A997B64C1C4D1D3F00DD2C31 /* _DDMathTermResolver.h */,
				A997B64D1C4D1D3F00DD2C31 /* _DDMathTermResolver.m */,
				A997B64E1C4D1D3F00DD2C31 /* _DDNumberExpression.h */,
				A997B64F1C4D1D3F00DD2C31 /* _DDNumberExpression.m */,
				A997B6501C4D1D3F00DD2C31 /* _DDParserTerm.h */,
				A997B6511C4D1D3F00DD2C31 /* _DDParserTerm.m */,
				A997B6521C4D1D3F00DD2C31 /* _DDPrecisionFunctionEvaluator.h */,
				A997B6531C4D1D3F00DD2C31 /* _DDPrecisionFunctionEvaluator.m */,
				A997B6541C4D1D3F00DD2C31 /* _DDRewriteRule.h */,
				A997B6551C4D1D3F00DD2C31 /* _DDRewriteRule.m */,
				A997B6561C4D1D3F00DD2C31 /* _DDVariableExpression.h */,
				A997B6571C4D1D3F00DD2C31 /* _DDVariableExpression.m */,
				A997B6581C4D1D3F00DD2C31 /* DDEnumerator.h */,
				A997B6591C4D1D3F00DD2C31 /* DDEnumerator.m */,
				A997B65A1C4D1D3F00DD2C31 /* DDExpression.h */,
				A997B65B1C4D1D3F00DD2C31 /* DDExpression.m */,
				A997B65C1C4D1D3F00DD2C31 /* DDExpressionRewriter.h */,
				A997B65D1C4D1D3F00DD2C31 /* DDExpressionRewriter.m */,
				A997B65E1C4D1D3F00DD2C31 /* DDMathEvaluator+Private.h */,
				A997B65F1C4D1D3F00DD2C31 /* DDMathEvaluator.h */,
				A997B6601C4D1D3F00DD2C31 /* DDMathEvaluator.m */,
				A997B6611C4D1D3F00DD2C31 /* DDMathOperator.h */,
				A997B6621C4D1D3F00DD2C31 /* DDMathOperator.m */,
				A997B6631C4D1D3F00DD2C31 /* DDMathOperatorSet.h */,
				A997B6641C4D1D3F00DD2C31 /* DDMathOperatorSet.m */,
				A997B6651C4D1D3F00DD2C31 /* DDMathOperatorTypes.h */,
				A997B6661C4D1D3F00DD2C31 /* DDMathOperatorTypes.m */,
				A997B6671C4D1D3F00DD2C31 /* DDMathParser.h */,
				A997B6681C4D1D3F00DD2C31 /* DDMathParserMacros.h */,
				A997B6691C4D1D3F00DD2C31 /* DDMathToken.h */,
				A997B66A1C4D1D3F00DD2C31 /* DDMathToken.m */,
				A997B66B1C4D1D3F00DD2C31 /* DDMathTokenInterpreter.h */,
				A997B66C1C4D1D3F00DD2C31 /* DDMathTokenInterpreter.m */,
				A997B66D1C4D1D3F00DD2C31 /* DDMathTokenizer.h */,
				A997B66E1C4D1D3F00DD2C31 /* DDMathTokenizer.m */,
				A997B66F1C4D1D3F00DD2C31 /* DDParser.h */,
				A997B6701C4D1D3F00DD2C31 /* DDParser.m */,
				A997B6711C4D1D3F00DD2C31 /* DDTypes.h */,
				A997B6721C4D1D3F00DD2C31 /* DDTypes.m */,
				A997B6731C4D1D3F00DD2C31 /* NSString+DDMathParsing.h */,
				A997B6741C4D1D3F00DD2C31 /* NSString+DDMathParsing.m */,
			);
			path = DDMathParser;
			sourceTree = "<group>";
		};
/* End PBXGroup section */

/* Begin PBXNativeTarget section */
		A96222EB1BFF0F690059FF51 /* EasyCalc */ = {
			isa = PBXNativeTarget;
			buildConfigurationList = A96223161BFF0F690059FF51 /* Build configuration list for PBXNativeTarget "EasyCalc" */;
			buildPhases = (
				A96222E81BFF0F690059FF51 /* Sources */,
				A96222E91BFF0F690059FF51 /* Frameworks */,
				A96222EA1BFF0F690059FF51 /* Resources */,
			);
			buildRules = (
			);
			dependencies = (
			);
			name = EasyCalc;
			productName = EasyCalc;
			productReference = A96222EC1BFF0F690059FF51 /* EasyCalc.app */;
			productType = "com.apple.product-type.application";
		};
		A96223011BFF0F690059FF51 /* EasyCalcTests */ = {
			isa = PBXNativeTarget;
			buildConfigurationList = A96223191BFF0F690059FF51 /* Build configuration list for PBXNativeTarget "EasyCalcTests" */;
			buildPhases = (
				A96222FE1BFF0F690059FF51 /* Sources */,
				A96222FF1BFF0F690059FF51 /* Frameworks */,
				A96223001BFF0F690059FF51 /* Resources */,
			);
			buildRules = (
			);
			dependencies = (
				A96223041BFF0F690059FF51 /* PBXTargetDependency */,
			);
			name = EasyCalcTests;
			productName = EasyCalcTests;
			productReference = A96223021BFF0F690059FF51 /* EasyCalcTests.xctest */;
			productType = "com.apple.product-type.bundle.unit-test";
		};
		A962230C1BFF0F690059FF51 /* EasyCalcUITests */ = {
			isa = PBXNativeTarget;
			buildConfigurationList = A962231C1BFF0F690059FF51 /* Build configuration list for PBXNativeTarget "EasyCalcUITests" */;
			buildPhases = (
				A96223091BFF0F690059FF51 /* Sources */,
				A962230A1BFF0F690059FF51 /* Frameworks */,
				A962230B1BFF0F690059FF51 /* Resources */,
			);
			buildRules = (
			);
			dependencies = (
				A962230F1BFF0F690059FF51 /* PBXTargetDependency */,
			);
			name = EasyCalcUITests;
			productName = EasyCalcUITests;
			productReference = A962230D1BFF0F690059FF51 /* EasyCalcUITests.xctest */;
			productType = "com.apple.product-type.bundle.ui-testing";
		};
/* End PBXNativeTarget section */

/* Begin PBXProject section */
		A96222E41BFF0F690059FF51 /* Project object */ = {
			isa = PBXProject;
			attributes = {
				LastUpgradeCheck = 0710;
				ORGANIZATIONNAME = LiBoli;
				TargetAttributes = {
					A96222EB1BFF0F690059FF51 = {
						CreatedOnToolsVersion = 7.1;
						DevelopmentTeam = 4YK74W9MY4;
					};
					A96223011BFF0F690059FF51 = {
						CreatedOnToolsVersion = 7.1;
						DevelopmentTeam = 4YK74W9MY4;
						TestTargetID = A96222EB1BFF0F690059FF51;
					};
					A962230C1BFF0F690059FF51 = {
						CreatedOnToolsVersion = 7.1;
						DevelopmentTeam = 4YK74W9MY4;
						TestTargetID = A96222EB1BFF0F690059FF51;
					};
				};
			};
			buildConfigurationList = A96222E71BFF0F690059FF51 /* Build configuration list for PBXProject "EasyCalc" */;
			compatibilityVersion = "Xcode 3.2";
			developmentRegion = English;
			hasScannedForEncodings = 0;
			knownRegions = (
				en,
				Base,
			);
			mainGroup = A96222E31BFF0F690059FF51;
			productRefGroup = A96222ED1BFF0F690059FF51 /* Products */;
			projectDirPath = "";
			projectRoot = "";
			targets = (
				A96222EB1BFF0F690059FF51 /* EasyCalc */,
				A96223011BFF0F690059FF51 /* EasyCalcTests */,
				A962230C1BFF0F690059FF51 /* EasyCalcUITests */,
			);
		};
/* End PBXProject section */

/* Begin PBXResourcesBuildPhase section */
		A96222EA1BFF0F690059FF51 /* Resources */ = {
			isa = PBXResourcesBuildPhase;
			buildActionMask = 2147483647;
			files = (
				A96222F91BFF0F690059FF51 /* Assets.xcassets in Resources */,
				A96222FC1BFF0F690059FF51 /* LaunchScreen.storyboard in Resources */,
			);
			runOnlyForDeploymentPostprocessing = 0;
		};
		A96223001BFF0F690059FF51 /* Resources */ = {
			isa = PBXResourcesBuildPhase;
			buildActionMask = 2147483647;
			files = (
			);
			runOnlyForDeploymentPostprocessing = 0;
		};
		A962230B1BFF0F690059FF51 /* Resources */ = {
			isa = PBXResourcesBuildPhase;
			buildActionMask = 2147483647;
			files = (
			);
			runOnlyForDeploymentPostprocessing = 0;
		};
/* End PBXResourcesBuildPhase section */

/* Begin PBXSourcesBuildPhase section */
		A96222E81BFF0F690059FF51 /* Sources */ = {
			isa = PBXSourcesBuildPhase;
			buildActionMask = 2147483647;
			files = (
				A962232A1BFF126C0059FF51 /* EquationTextLayer.m in Sources */,
				A997B6891C4D1D3F00DD2C31 /* DDTypes.m in Sources */,
				A997B6861C4D1D3F00DD2C31 /* DDMathTokenInterpreter.m in Sources */,
				A997B67F1C4D1D3F00DD2C31 /* DDExpression.m in Sources */,
				A96222F41BFF0F690059FF51 /* AppDelegate.m in Sources */,
				A997B6761C4D1D3F00DD2C31 /* _DDFunctionEvaluator.m in Sources */,
				A997B6841C4D1D3F00DD2C31 /* DDMathOperatorTypes.m in Sources */,
				A997B6831C4D1D3F00DD2C31 /* DDMathOperatorSet.m in Sources */,
				A997B67D1C4D1D3F00DD2C31 /* _DDVariableExpression.m in Sources */,
				A997B6801C4D1D3F00DD2C31 /* DDExpressionRewriter.m in Sources */,
				A96223321BFF15840059FF51 /* Global.m in Sources */,
				A98122791C021F47002A1A75 /* Utils.m in Sources */,
				A997B6881C4D1D3F00DD2C31 /* DDParser.m in Sources */,
				A9589E2C1C13E847007F2C8B /* UIView+Easing.m in Sources */,
				A997B6791C4D1D3F00DD2C31 /* _DDNumberExpression.m in Sources */,
				A96222F11BFF0F690059FF51 /* main.m in Sources */,
				A962232D1BFF128C0059FF51 /* EquationBlock.m in Sources */,
				A997B67E1C4D1D3F00DD2C31 /* DDEnumerator.m in Sources */,
				A997B6781C4D1D3F00DD2C31 /* _DDMathTermResolver.m in Sources */,
				A997B67B1C4D1D3F00DD2C31 /* _DDPrecisionFunctionEvaluator.m in Sources */,
				A997B6821C4D1D3F00DD2C31 /* DDMathOperator.m in Sources */,
				A96223301BFF12A20059FF51 /* Equation.m in Sources */,
				A96223241BFF122A0059FF51 /* RadicalBlock.m in Sources */,
				A96223271BFF124B0059FF51 /* FractionBarLayer.m in Sources */,
				A96223361BFF161C0059FF51 /* DisplayView.m in Sources */,
				A997B67A1C4D1D3F00DD2C31 /* _DDParserTerm.m in Sources */,
				A997B6751C4D1D3F00DD2C31 /* _DDDecimalFunctions.m in Sources */,
				A997B6871C4D1D3F00DD2C31 /* DDMathTokenizer.m in Sources */,
				A997B6811C4D1D3F00DD2C31 /* DDMathEvaluator.m in Sources */,
				A997B6851C4D1D3F00DD2C31 /* DDMathToken.m in Sources */,
				A997B68A1C4D1D3F00DD2C31 /* NSString+DDMathParsing.m in Sources */,
				A96223211BFF12010059FF51 /* ViewController.m in Sources */,
				A96222F71BFF0F690059FF51 /* EasyCalc.xcdatamodeld in Sources */,
				A997B67C1C4D1D3F00DD2C31 /* _DDRewriteRule.m in Sources */,
				A997B6771C4D1D3F00DD2C31 /* _DDFunctionExpression.m in Sources */,
			);
			runOnlyForDeploymentPostprocessing = 0;
		};
		A96222FE1BFF0F690059FF51 /* Sources */ = {
			isa = PBXSourcesBuildPhase;
			buildActionMask = 2147483647;
			files = (
				A96223071BFF0F690059FF51 /* EasyCalcTests.m in Sources */,
			);
			runOnlyForDeploymentPostprocessing = 0;
		};
		A96223091BFF0F690059FF51 /* Sources */ = {
			isa = PBXSourcesBuildPhase;
			buildActionMask = 2147483647;
			files = (
				A96223121BFF0F690059FF51 /* EasyCalcUITests.m in Sources */,
			);
			runOnlyForDeploymentPostprocessing = 0;
		};
/* End PBXSourcesBuildPhase section */

/* Begin PBXTargetDependency section */
		A96223041BFF0F690059FF51 /* PBXTargetDependency */ = {
			isa = PBXTargetDependency;
			target = A96222EB1BFF0F690059FF51 /* EasyCalc */;
			targetProxy = A96223031BFF0F690059FF51 /* PBXContainerItemProxy */;
		};
		A962230F1BFF0F690059FF51 /* PBXTargetDependency */ = {
			isa = PBXTargetDependency;
			target = A96222EB1BFF0F690059FF51 /* EasyCalc */;
			targetProxy = A962230E1BFF0F690059FF51 /* PBXContainerItemProxy */;
		};
/* End PBXTargetDependency section */

/* Begin PBXVariantGroup section */
		A96222FA1BFF0F690059FF51 /* LaunchScreen.storyboard */ = {
			isa = PBXVariantGroup;
			children = (
				A96222FB1BFF0F690059FF51 /* Base */,
			);
			name = LaunchScreen.storyboard;
			sourceTree = "<group>";
		};
/* End PBXVariantGroup section */

/* Begin XCBuildConfiguration section */
		A96223141BFF0F690059FF51 /* Debug */ = {
			isa = XCBuildConfiguration;
			buildSettings = {
				ALWAYS_SEARCH_USER_PATHS = NO;
				CLANG_CXX_LANGUAGE_STANDARD = "gnu++0x";
				CLANG_CXX_LIBRARY = "libc++";
				CLANG_ENABLE_MODULES = YES;
				CLANG_ENABLE_OBJC_ARC = YES;
				CLANG_WARN_BOOL_CONVERSION = YES;
				CLANG_WARN_CONSTANT_CONVERSION = YES;
				CLANG_WARN_DIRECT_OBJC_ISA_USAGE = YES_ERROR;
				CLANG_WARN_EMPTY_BODY = YES;
				CLANG_WARN_ENUM_CONVERSION = YES;
				CLANG_WARN_INT_CONVERSION = YES;
				CLANG_WARN_OBJC_ROOT_CLASS = YES_ERROR;
				CLANG_WARN_UNREACHABLE_CODE = YES;
				CLANG_WARN__DUPLICATE_METHOD_MATCH = YES;
				"CODE_SIGN_IDENTITY[sdk=iphoneos*]" = "iPhone Developer";
				COPY_PHASE_STRIP = NO;
				DEBUG_INFORMATION_FORMAT = dwarf;
				ENABLE_STRICT_OBJC_MSGSEND = YES;
				ENABLE_TESTABILITY = YES;
				GCC_C_LANGUAGE_STANDARD = gnu99;
				GCC_DYNAMIC_NO_PIC = NO;
				GCC_NO_COMMON_BLOCKS = YES;
				GCC_OPTIMIZATION_LEVEL = 0;
				GCC_PREPROCESSOR_DEFINITIONS = (
					"DEBUG=1",
					"$(inherited)",
				);
				GCC_WARN_64_TO_32_BIT_CONVERSION = YES;
				GCC_WARN_ABOUT_RETURN_TYPE = YES_ERROR;
				GCC_WARN_UNDECLARED_SELECTOR = YES;
				GCC_WARN_UNINITIALIZED_AUTOS = YES_AGGRESSIVE;
				GCC_WARN_UNUSED_FUNCTION = YES;
				GCC_WARN_UNUSED_VARIABLE = YES;
				IPHONEOS_DEPLOYMENT_TARGET = 9.1;
				MTL_ENABLE_DEBUG_INFO = YES;
				ONLY_ACTIVE_ARCH = YES;
				SDKROOT = iphoneos;
			};
			name = Debug;
		};
		A96223151BFF0F690059FF51 /* Release */ = {
			isa = XCBuildConfiguration;
			buildSettings = {
				ALWAYS_SEARCH_USER_PATHS = NO;
				CLANG_CXX_LANGUAGE_STANDARD = "gnu++0x";
				CLANG_CXX_LIBRARY = "libc++";
				CLANG_ENABLE_MODULES = YES;
				CLANG_ENABLE_OBJC_ARC = YES;
				CLANG_WARN_BOOL_CONVERSION = YES;
				CLANG_WARN_CONSTANT_CONVERSION = YES;
				CLANG_WARN_DIRECT_OBJC_ISA_USAGE = YES_ERROR;
				CLANG_WARN_EMPTY_BODY = YES;
				CLANG_WARN_ENUM_CONVERSION = YES;
				CLANG_WARN_INT_CONVERSION = YES;
				CLANG_WARN_OBJC_ROOT_CLASS = YES_ERROR;
				CLANG_WARN_UNREACHABLE_CODE = YES;
				CLANG_WARN__DUPLICATE_METHOD_MATCH = YES;
				"CODE_SIGN_IDENTITY[sdk=iphoneos*]" = "iPhone Developer";
				COPY_PHASE_STRIP = NO;
				DEBUG_INFORMATION_FORMAT = "dwarf-with-dsym";
				ENABLE_NS_ASSERTIONS = NO;
				ENABLE_STRICT_OBJC_MSGSEND = YES;
				GCC_C_LANGUAGE_STANDARD = gnu99;
				GCC_NO_COMMON_BLOCKS = YES;
				GCC_WARN_64_TO_32_BIT_CONVERSION = YES;
				GCC_WARN_ABOUT_RETURN_TYPE = YES_ERROR;
				GCC_WARN_UNDECLARED_SELECTOR = YES;
				GCC_WARN_UNINITIALIZED_AUTOS = YES_AGGRESSIVE;
				GCC_WARN_UNUSED_FUNCTION = YES;
				GCC_WARN_UNUSED_VARIABLE = YES;
				IPHONEOS_DEPLOYMENT_TARGET = 9.1;
				MTL_ENABLE_DEBUG_INFO = NO;
				SDKROOT = iphoneos;
				VALIDATE_PRODUCT = YES;
			};
			name = Release;
		};
		A96223171BFF0F690059FF51 /* Debug */ = {
			isa = XCBuildConfiguration;
			buildSettings = {
				ASSETCATALOG_COMPILER_APPICON_NAME = AppIcon;
				INFOPLIST_FILE = EasyCalc/Info.plist;
				LD_RUNPATH_SEARCH_PATHS = "$(inherited) @executable_path/Frameworks";
				PRODUCT_BUNDLE_IDENTIFIER = LBL.EasyCalc;
				PRODUCT_NAME = "$(TARGET_NAME)";
			};
			name = Debug;
		};
		A96223181BFF0F690059FF51 /* Release */ = {
			isa = XCBuildConfiguration;
			buildSettings = {
				ASSETCATALOG_COMPILER_APPICON_NAME = AppIcon;
				INFOPLIST_FILE = EasyCalc/Info.plist;
				LD_RUNPATH_SEARCH_PATHS = "$(inherited) @executable_path/Frameworks";
				PRODUCT_BUNDLE_IDENTIFIER = LBL.EasyCalc;
				PRODUCT_NAME = "$(TARGET_NAME)";
			};
			name = Release;
		};
		A962231A1BFF0F690059FF51 /* Debug */ = {
			isa = XCBuildConfiguration;
			buildSettings = {
				BUNDLE_LOADER = "$(TEST_HOST)";
				INFOPLIST_FILE = EasyCalcTests/Info.plist;
				LD_RUNPATH_SEARCH_PATHS = "$(inherited) @executable_path/Frameworks @loader_path/Frameworks";
				PRODUCT_BUNDLE_IDENTIFIER = LBL.EasyCalcTests;
				PRODUCT_NAME = "$(TARGET_NAME)";
				TEST_HOST = "$(BUILT_PRODUCTS_DIR)/EasyCalc.app/EasyCalc";
			};
			name = Debug;
		};
		A962231B1BFF0F690059FF51 /* Release */ = {
			isa = XCBuildConfiguration;
			buildSettings = {
				BUNDLE_LOADER = "$(TEST_HOST)";
				INFOPLIST_FILE = EasyCalcTests/Info.plist;
				LD_RUNPATH_SEARCH_PATHS = "$(inherited) @executable_path/Frameworks @loader_path/Frameworks";
				PRODUCT_BUNDLE_IDENTIFIER = LBL.EasyCalcTests;
				PRODUCT_NAME = "$(TARGET_NAME)";
				TEST_HOST = "$(BUILT_PRODUCTS_DIR)/EasyCalc.app/EasyCalc";
			};
			name = Release;
		};
		A962231D1BFF0F690059FF51 /* Debug */ = {
			isa = XCBuildConfiguration;
			buildSettings = {
				INFOPLIST_FILE = EasyCalcUITests/Info.plist;
				LD_RUNPATH_SEARCH_PATHS = "$(inherited) @executable_path/Frameworks @loader_path/Frameworks";
				PRODUCT_BUNDLE_IDENTIFIER = LBL.EasyCalcUITests;
				PRODUCT_NAME = "$(TARGET_NAME)";
				TEST_TARGET_NAME = EasyCalc;
				USES_XCTRUNNER = YES;
			};
			name = Debug;
		};
		A962231E1BFF0F690059FF51 /* Release */ = {
			isa = XCBuildConfiguration;
			buildSettings = {
				INFOPLIST_FILE = EasyCalcUITests/Info.plist;
				LD_RUNPATH_SEARCH_PATHS = "$(inherited) @executable_path/Frameworks @loader_path/Frameworks";
				PRODUCT_BUNDLE_IDENTIFIER = LBL.EasyCalcUITests;
				PRODUCT_NAME = "$(TARGET_NAME)";
				TEST_TARGET_NAME = EasyCalc;
				USES_XCTRUNNER = YES;
			};
			name = Release;
		};
/* End XCBuildConfiguration section */

/* Begin XCConfigurationList section */
		A96222E71BFF0F690059FF51 /* Build configuration list for PBXProject "EasyCalc" */ = {
			isa = XCConfigurationList;
			buildConfigurations = (
				A96223141BFF0F690059FF51 /* Debug */,
				A96223151BFF0F690059FF51 /* Release */,
			);
			defaultConfigurationIsVisible = 0;
			defaultConfigurationName = Release;
		};
		A96223161BFF0F690059FF51 /* Build configuration list for PBXNativeTarget "EasyCalc" */ = {
			isa = XCConfigurationList;
			buildConfigurations = (
				A96223171BFF0F690059FF51 /* Debug */,
				A96223181BFF0F690059FF51 /* Release */,
			);
			defaultConfigurationIsVisible = 0;
			defaultConfigurationName = Release;
		};
		A96223191BFF0F690059FF51 /* Build configuration list for PBXNativeTarget "EasyCalcTests" */ = {
			isa = XCConfigurationList;
			buildConfigurations = (
				A962231A1BFF0F690059FF51 /* Debug */,
				A962231B1BFF0F690059FF51 /* Release */,
			);
			defaultConfigurationIsVisible = 0;
			defaultConfigurationName = Release;
		};
		A962231C1BFF0F690059FF51 /* Build configuration list for PBXNativeTarget "EasyCalcUITests" */ = {
			isa = XCConfigurationList;
			buildConfigurations = (
				A962231D1BFF0F690059FF51 /* Debug */,
				A962231E1BFF0F690059FF51 /* Release */,
			);
			defaultConfigurationIsVisible = 0;
			defaultConfigurationName = Release;
		};
/* End XCConfigurationList section */

/* Begin XCVersionGroup section */
		A96222F51BFF0F690059FF51 /* EasyCalc.xcdatamodeld */ = {
			isa = XCVersionGroup;
			children = (
				A96222F61BFF0F690059FF51 /* EasyCalc.xcdatamodel */,
			);
			currentVersion = A96222F61BFF0F690059FF51 /* EasyCalc.xcdatamodel */;
			path = EasyCalc.xcdatamodeld;
			sourceTree = "<group>";
			versionGroupType = wrapper.xcdatamodel;
		};
/* End XCVersionGroup section */
	};
	rootObject = A96222E41BFF0F690059FF51 /* Project object */;
}
